
Microsoft Visual Studio Solution File, Format Version 12.00
# Visual Studio Version 16
VisualStudioVersion = 16.0.31624.102
MinimumVisualStudioVersion = 10.0.40219.1
Project("{9A19103F-16F7-4668-BE54-9A1E7A4F7556}") = "Lab1", "Lab1\Lab1.csproj", "{9595B064-AAE6-4A65-88D3-1E23E37F467E}"
EndProject
Project("{9A19103F-16F7-4668-BE54-9A1E7A4F7556}") = "GameEngine", "GameEngine\GameEngine.csproj", "{DBFF7336-0E07-44BD-AED4-6D8CC1566584}"
EndProject
Project("{9A19103F-16F7-4668-BE54-9A1E7A4F7556}") = "Lab2", "Lab2\Lab2.csproj", "{145D59D0-9978-4979-B2E8-84079255B641}"
EndProject
Project("{9A19103F-16F7-4668-BE54-9A1E7A4F7556}") = "Lab3", "Lab3\Lab3.csproj", "{5BBAD53C-CFC2-4D39-ABE4-468375EEE569}"
EndProject
Project("{9A19103F-16F7-4668-BE54-9A1E7A4F7556}") = "Assignment1", "Assignment1\Assignment1.csproj", "{B01EB180-2D74-48A1-84F2-4579409E9D4A}"
EndProject
Project("{9A19103F-16F7-4668-BE54-9A1E7A4F7556}") = "Lab4", "Lab4\Lab4.csproj", "{B3354D5F-057F-4937-ACA6-499AA2C0D1BF}"
EndProject
Project("{9A19103F-16F7-4668-BE54-9A1E7A4F7556}") = "Lab5", "Lab5\Lab5.csproj", "{33B3154D-7D27-44A6-B6E9-EC653F831CFF}"
EndProject
Project("{9A19103F-16F7-4668-BE54-9A1E7A4F7556}") = "Lab6", "Lab6\Lab6.csproj", "{E326C942-6A3F-43E9-BD96-0E34EFE94FDA}"
EndProject
Project("{9A19103F-16F7-4668-BE54-9A1E7A4F7556}") = "Assignment2", "Assignment2\Assignment2.csproj", "{0022CCBB-D4FA-4E46-9FD1-31771B27AFCA}"
EndProject
Project("{9A19103F-16F7-4668-BE54-9A1E7A4F7556}") = "Assignment3", "Assignment3\Assignment3.csproj", "{7DE04BFA-D924-42CF-B2AE-3BF33A883905}"
EndProject
Project("{9A19103F-16F7-4668-BE54-9A1E7A4F7556}") = "Lab8", "Lab8\Lab8.csproj", "{65A822AB-EB25-4762-9283-300AE22392F6}"
EndProject
Project("{9A19103F-16F7-4668-BE54-9A1E7A4F7556}") = "Lab9", "Lab9\Lab9.csproj", "{2D2542C5-844A-4579-98A8-0A91F56476C6}"
EndProject
Project("{9A19103F-16F7-4668-BE54-9A1E7A4F7556}") = "Assignment4", "Assignment4\Assignment4.csproj", "{AC683F6E-A8A3-45AB-A9BA-BFA783AE43C0}"
EndProject
Project("{9A19103F-16F7-4668-BE54-9A1E7A4F7556}") = "HonorsContract", "HonorsContract\HonorsContract.csproj", "{527116D8-0956-45BA-945D-F86B74AC159F}"
EndProject
Project("{9A19103F-16F7-4668-BE54-9A1E7A4F7556}") = "Lab10", "Lab10\Lab10.csproj", "{6E95C121-4D08-4AB6-919B-885DEB59EE9A}"
EndProject
Project("{9A19103F-16F7-4668-BE54-9A1E7A4F7556}") = "Assignment5", "Assignment5\Assignment5.csproj", "{EF802841-2E0B-4FA0-8571-20C88C1CB870}"
EndProject
Project("{9A19103F-16F7-4668-BE54-9A1E7A4F7556}") = "FinalProject", "FinalProject\FinalProject.csproj", "{A30FA589-AD72-45E9-AA3C-CD4FA8C37D9D}"
EndProject
Project("{FAE04EC0-301F-11D3-BF4B-00C04F79EFBC}") = "Lab11", "Lab11\Lab11.csproj", "{F16FCB81-5559-4A77-A251-41DAD75C9823}"
EndProject
Global
	GlobalSection(SolutionConfigurationPlatforms) = preSolution
		Debug|Any CPU = Debug|Any CPU
		Debug|ARM = Debug|ARM
		Debug|x64 = Debug|x64
		Debug|x86 = Debug|x86
		Release|Any CPU = Release|Any CPU
		Release|ARM = Release|ARM
		Release|x64 = Release|x64
		Release|x86 = Release|x86
	EndGlobalSection
	GlobalSection(ProjectConfigurationPlatforms) = postSolution
		{9595B064-AAE6-4A65-88D3-1E23E37F467E}.Debug|Any CPU.ActiveCfg = Debug|Any CPU
		{9595B064-AAE6-4A65-88D3-1E23E37F467E}.Debug|Any CPU.Build.0 = Debug|Any CPU
		{9595B064-AAE6-4A65-88D3-1E23E37F467E}.Debug|ARM.ActiveCfg = Debug|Any CPU
		{9595B064-AAE6-4A65-88D3-1E23E37F467E}.Debug|ARM.Build.0 = Debug|Any CPU
		{9595B064-AAE6-4A65-88D3-1E23E37F467E}.Debug|x64.ActiveCfg = Debug|Any CPU
		{9595B064-AAE6-4A65-88D3-1E23E37F467E}.Debug|x64.Build.0 = Debug|Any CPU
		{9595B064-AAE6-4A65-88D3-1E23E37F467E}.Debug|x86.ActiveCfg = Debug|Any CPU
		{9595B064-AAE6-4A65-88D3-1E23E37F467E}.Debug|x86.Build.0 = Debug|Any CPU
		{9595B064-AAE6-4A65-88D3-1E23E37F467E}.Release|Any CPU.ActiveCfg = Release|Any CPU
		{9595B064-AAE6-4A65-88D3-1E23E37F467E}.Release|Any CPU.Build.0 = Release|Any CPU
		{9595B064-AAE6-4A65-88D3-1E23E37F467E}.Release|ARM.ActiveCfg = Release|Any CPU
		{9595B064-AAE6-4A65-88D3-1E23E37F467E}.Release|ARM.Build.0 = Release|Any CPU
		{9595B064-AAE6-4A65-88D3-1E23E37F467E}.Release|x64.ActiveCfg = Release|Any CPU
		{9595B064-AAE6-4A65-88D3-1E23E37F467E}.Release|x64.Build.0 = Release|Any CPU
		{9595B064-AAE6-4A65-88D3-1E23E37F467E}.Release|x86.ActiveCfg = Release|Any CPU
		{9595B064-AAE6-4A65-88D3-1E23E37F467E}.Release|x86.Build.0 = Release|Any CPU
		{DBFF7336-0E07-44BD-AED4-6D8CC1566584}.Debug|Any CPU.ActiveCfg = Debug|Any CPU
		{DBFF7336-0E07-44BD-AED4-6D8CC1566584}.Debug|Any CPU.Build.0 = Debug|Any CPU
		{DBFF7336-0E07-44BD-AED4-6D8CC1566584}.Debug|ARM.ActiveCfg = Debug|Any CPU
		{DBFF7336-0E07-44BD-AED4-6D8CC1566584}.Debug|ARM.Build.0 = Debug|Any CPU
		{DBFF7336-0E07-44BD-AED4-6D8CC1566584}.Debug|x64.ActiveCfg = Debug|Any CPU
		{DBFF7336-0E07-44BD-AED4-6D8CC1566584}.Debug|x64.Build.0 = Debug|Any CPU
		{DBFF7336-0E07-44BD-AED4-6D8CC1566584}.Debug|x86.ActiveCfg = Debug|Any CPU
		{DBFF7336-0E07-44BD-AED4-6D8CC1566584}.Debug|x86.Build.0 = Debug|Any CPU
		{DBFF7336-0E07-44BD-AED4-6D8CC1566584}.Release|Any CPU.ActiveCfg = Release|Any CPU
		{DBFF7336-0E07-44BD-AED4-6D8CC1566584}.Release|Any CPU.Build.0 = Release|Any CPU
		{DBFF7336-0E07-44BD-AED4-6D8CC1566584}.Release|ARM.ActiveCfg = Release|Any CPU
		{DBFF7336-0E07-44BD-AED4-6D8CC1566584}.Release|ARM.Build.0 = Release|Any CPU
		{DBFF7336-0E07-44BD-AED4-6D8CC1566584}.Release|x64.ActiveCfg = Release|Any CPU
		{DBFF7336-0E07-44BD-AED4-6D8CC1566584}.Release|x64.Build.0 = Release|Any CPU
		{DBFF7336-0E07-44BD-AED4-6D8CC1566584}.Release|x86.ActiveCfg = Release|Any CPU
		{DBFF7336-0E07-44BD-AED4-6D8CC1566584}.Release|x86.Build.0 = Release|Any CPU
		{145D59D0-9978-4979-B2E8-84079255B641}.Debug|Any CPU.ActiveCfg = Debug|Any CPU
		{145D59D0-9978-4979-B2E8-84079255B641}.Debug|Any CPU.Build.0 = Debug|Any CPU
		{145D59D0-9978-4979-B2E8-84079255B641}.Debug|ARM.ActiveCfg = Debug|Any CPU
		{145D59D0-9978-4979-B2E8-84079255B641}.Debug|ARM.Build.0 = Debug|Any CPU
		{145D59D0-9978-4979-B2E8-84079255B641}.Debug|x64.ActiveCfg = Debug|Any CPU
		{145D59D0-9978-4979-B2E8-84079255B641}.Debug|x64.Build.0 = Debug|Any CPU
		{145D59D0-9978-4979-B2E8-84079255B641}.Debug|x86.ActiveCfg = Debug|Any CPU
		{145D59D0-9978-4979-B2E8-84079255B641}.Debug|x86.Build.0 = Debug|Any CPU
		{145D59D0-9978-4979-B2E8-84079255B641}.Release|Any CPU.ActiveCfg = Release|Any CPU
		{145D59D0-9978-4979-B2E8-84079255B641}.Release|Any CPU.Build.0 = Release|Any CPU
		{145D59D0-9978-4979-B2E8-84079255B641}.Release|ARM.ActiveCfg = Release|Any CPU
		{145D59D0-9978-4979-B2E8-84079255B641}.Release|ARM.Build.0 = Release|Any CPU
		{145D59D0-9978-4979-B2E8-84079255B641}.Release|x64.ActiveCfg = Release|Any CPU
		{145D59D0-9978-4979-B2E8-84079255B641}.Release|x64.Build.0 = Release|Any CPU
		{145D59D0-9978-4979-B2E8-84079255B641}.Release|x86.ActiveCfg = Release|Any CPU
		{145D59D0-9978-4979-B2E8-84079255B641}.Release|x86.Build.0 = Release|Any CPU
		{5BBAD53C-CFC2-4D39-ABE4-468375EEE569}.Debug|Any CPU.ActiveCfg = Debug|Any CPU
		{5BBAD53C-CFC2-4D39-ABE4-468375EEE569}.Debug|Any CPU.Build.0 = Debug|Any CPU
		{5BBAD53C-CFC2-4D39-ABE4-468375EEE569}.Debug|ARM.ActiveCfg = Debug|Any CPU
		{5BBAD53C-CFC2-4D39-ABE4-468375EEE569}.Debug|ARM.Build.0 = Debug|Any CPU
		{5BBAD53C-CFC2-4D39-ABE4-468375EEE569}.Debug|x64.ActiveCfg = Debug|Any CPU
		{5BBAD53C-CFC2-4D39-ABE4-468375EEE569}.Debug|x64.Build.0 = Debug|Any CPU
		{5BBAD53C-CFC2-4D39-ABE4-468375EEE569}.Debug|x86.ActiveCfg = Debug|Any CPU
		{5BBAD53C-CFC2-4D39-ABE4-468375EEE569}.Debug|x86.Build.0 = Debug|Any CPU
		{5BBAD53C-CFC2-4D39-ABE4-468375EEE569}.Release|Any CPU.ActiveCfg = Release|Any CPU
		{5BBAD53C-CFC2-4D39-ABE4-468375EEE569}.Release|Any CPU.Build.0 = Release|Any CPU
		{5BBAD53C-CFC2-4D39-ABE4-468375EEE569}.Release|ARM.ActiveCfg = Release|Any CPU
		{5BBAD53C-CFC2-4D39-ABE4-468375EEE569}.Release|ARM.Build.0 = Release|Any CPU
		{5BBAD53C-CFC2-4D39-ABE4-468375EEE569}.Release|x64.ActiveCfg = Release|Any CPU
		{5BBAD53C-CFC2-4D39-ABE4-468375EEE569}.Release|x64.Build.0 = Release|Any CPU
		{5BBAD53C-CFC2-4D39-ABE4-468375EEE569}.Release|x86.ActiveCfg = Release|Any CPU
		{5BBAD53C-CFC2-4D39-ABE4-468375EEE569}.Release|x86.Build.0 = Release|Any CPU
		{B01EB180-2D74-48A1-84F2-4579409E9D4A}.Debug|Any CPU.ActiveCfg = Debug|Any CPU
		{B01EB180-2D74-48A1-84F2-4579409E9D4A}.Debug|Any CPU.Build.0 = Debug|Any CPU
		{B01EB180-2D74-48A1-84F2-4579409E9D4A}.Debug|ARM.ActiveCfg = Debug|Any CPU
		{B01EB180-2D74-48A1-84F2-4579409E9D4A}.Debug|ARM.Build.0 = Debug|Any CPU
		{B01EB180-2D74-48A1-84F2-4579409E9D4A}.Debug|x64.ActiveCfg = Debug|Any CPU
		{B01EB180-2D74-48A1-84F2-4579409E9D4A}.Debug|x64.Build.0 = Debug|Any CPU
		{B01EB180-2D74-48A1-84F2-4579409E9D4A}.Debug|x86.ActiveCfg = Debug|Any CPU
		{B01EB180-2D74-48A1-84F2-4579409E9D4A}.Debug|x86.Build.0 = Debug|Any CPU
		{B01EB180-2D74-48A1-84F2-4579409E9D4A}.Release|Any CPU.ActiveCfg = Release|Any CPU
		{B01EB180-2D74-48A1-84F2-4579409E9D4A}.Release|Any CPU.Build.0 = Release|Any CPU
		{B01EB180-2D74-48A1-84F2-4579409E9D4A}.Release|ARM.ActiveCfg = Release|Any CPU
		{B01EB180-2D74-48A1-84F2-4579409E9D4A}.Release|ARM.Build.0 = Release|Any CPU
		{B01EB180-2D74-48A1-84F2-4579409E9D4A}.Release|x64.ActiveCfg = Release|Any CPU
		{B01EB180-2D74-48A1-84F2-4579409E9D4A}.Release|x64.Build.0 = Release|Any CPU
		{B01EB180-2D74-48A1-84F2-4579409E9D4A}.Release|x86.ActiveCfg = Release|Any CPU
		{B01EB180-2D74-48A1-84F2-4579409E9D4A}.Release|x86.Build.0 = Release|Any CPU
		{B3354D5F-057F-4937-ACA6-499AA2C0D1BF}.Debug|Any CPU.ActiveCfg = Debug|Any CPU
		{B3354D5F-057F-4937-ACA6-499AA2C0D1BF}.Debug|Any CPU.Build.0 = Debug|Any CPU
		{B3354D5F-057F-4937-ACA6-499AA2C0D1BF}.Debug|ARM.ActiveCfg = Debug|Any CPU
		{B3354D5F-057F-4937-ACA6-499AA2C0D1BF}.Debug|ARM.Build.0 = Debug|Any CPU
		{B3354D5F-057F-4937-ACA6-499AA2C0D1BF}.Debug|x64.ActiveCfg = Debug|Any CPU
		{B3354D5F-057F-4937-ACA6-499AA2C0D1BF}.Debug|x64.Build.0 = Debug|Any CPU
		{B3354D5F-057F-4937-ACA6-499AA2C0D1BF}.Debug|x86.ActiveCfg = Debug|Any CPU
		{B3354D5F-057F-4937-ACA6-499AA2C0D1BF}.Debug|x86.Build.0 = Debug|Any CPU
		{B3354D5F-057F-4937-ACA6-499AA2C0D1BF}.Release|Any CPU.ActiveCfg = Release|Any CPU
		{B3354D5F-057F-4937-ACA6-499AA2C0D1BF}.Release|Any CPU.Build.0 = Release|Any CPU
		{B3354D5F-057F-4937-ACA6-499AA2C0D1BF}.Release|ARM.ActiveCfg = Release|Any CPU
		{B3354D5F-057F-4937-ACA6-499AA2C0D1BF}.Release|ARM.Build.0 = Release|Any CPU
		{B3354D5F-057F-4937-ACA6-499AA2C0D1BF}.Release|x64.ActiveCfg = Release|Any CPU
		{B3354D5F-057F-4937-ACA6-499AA2C0D1BF}.Release|x64.Build.0 = Release|Any CPU
		{B3354D5F-057F-4937-ACA6-499AA2C0D1BF}.Release|x86.ActiveCfg = Release|Any CPU
		{B3354D5F-057F-4937-ACA6-499AA2C0D1BF}.Release|x86.Build.0 = Release|Any CPU
		{33B3154D-7D27-44A6-B6E9-EC653F831CFF}.Debug|Any CPU.ActiveCfg = Debug|Any CPU
		{33B3154D-7D27-44A6-B6E9-EC653F831CFF}.Debug|Any CPU.Build.0 = Debug|Any CPU
		{33B3154D-7D27-44A6-B6E9-EC653F831CFF}.Debug|ARM.ActiveCfg = Debug|Any CPU
		{33B3154D-7D27-44A6-B6E9-EC653F831CFF}.Debug|ARM.Build.0 = Debug|Any CPU
		{33B3154D-7D27-44A6-B6E9-EC653F831CFF}.Debug|x64.ActiveCfg = Debug|Any CPU
		{33B3154D-7D27-44A6-B6E9-EC653F831CFF}.Debug|x64.Build.0 = Debug|Any CPU
		{33B3154D-7D27-44A6-B6E9-EC653F831CFF}.Debug|x86.ActiveCfg = Debug|Any CPU
		{33B3154D-7D27-44A6-B6E9-EC653F831CFF}.Debug|x86.Build.0 = Debug|Any CPU
		{33B3154D-7D27-44A6-B6E9-EC653F831CFF}.Release|Any CPU.ActiveCfg = Release|Any CPU
		{33B3154D-7D27-44A6-B6E9-EC653F831CFF}.Release|Any CPU.Build.0 = Release|Any CPU
		{33B3154D-7D27-44A6-B6E9-EC653F831CFF}.Release|ARM.ActiveCfg = Release|Any CPU
		{33B3154D-7D27-44A6-B6E9-EC653F831CFF}.Release|ARM.Build.0 = Release|Any CPU
		{33B3154D-7D27-44A6-B6E9-EC653F831CFF}.Release|x64.ActiveCfg = Release|Any CPU
		{33B3154D-7D27-44A6-B6E9-EC653F831CFF}.Release|x64.Build.0 = Release|Any CPU
		{33B3154D-7D27-44A6-B6E9-EC653F831CFF}.Release|x86.ActiveCfg = Release|Any CPU
		{33B3154D-7D27-44A6-B6E9-EC653F831CFF}.Release|x86.Build.0 = Release|Any CPU
		{E326C942-6A3F-43E9-BD96-0E34EFE94FDA}.Debug|Any CPU.ActiveCfg = Debug|Any CPU
		{E326C942-6A3F-43E9-BD96-0E34EFE94FDA}.Debug|Any CPU.Build.0 = Debug|Any CPU
		{E326C942-6A3F-43E9-BD96-0E34EFE94FDA}.Debug|ARM.ActiveCfg = Debug|Any CPU
		{E326C942-6A3F-43E9-BD96-0E34EFE94FDA}.Debug|ARM.Build.0 = Debug|Any CPU
		{E326C942-6A3F-43E9-BD96-0E34EFE94FDA}.Debug|x64.ActiveCfg = Debug|Any CPU
		{E326C942-6A3F-43E9-BD96-0E34EFE94FDA}.Debug|x64.Build.0 = Debug|Any CPU
		{E326C942-6A3F-43E9-BD96-0E34EFE94FDA}.Debug|x86.ActiveCfg = Debug|Any CPU
		{E326C942-6A3F-43E9-BD96-0E34EFE94FDA}.Debug|x86.Build.0 = Debug|Any CPU
		{E326C942-6A3F-43E9-BD96-0E34EFE94FDA}.Release|Any CPU.ActiveCfg = Release|Any CPU
		{E326C942-6A3F-43E9-BD96-0E34EFE94FDA}.Release|Any CPU.Build.0 = Release|Any CPU
		{E326C942-6A3F-43E9-BD96-0E34EFE94FDA}.Release|ARM.ActiveCfg = Release|Any CPU
		{E326C942-6A3F-43E9-BD96-0E34EFE94FDA}.Release|ARM.Build.0 = Release|Any CPU
		{E326C942-6A3F-43E9-BD96-0E34EFE94FDA}.Release|x64.ActiveCfg = Release|Any CPU
		{E326C942-6A3F-43E9-BD96-0E34EFE94FDA}.Release|x64.Build.0 = Release|Any CPU
		{E326C942-6A3F-43E9-BD96-0E34EFE94FDA}.Release|x86.ActiveCfg = Release|Any CPU
		{E326C942-6A3F-43E9-BD96-0E34EFE94FDA}.Release|x86.Build.0 = Release|Any CPU
		{0022CCBB-D4FA-4E46-9FD1-31771B27AFCA}.Debug|Any CPU.ActiveCfg = Debug|Any CPU
		{0022CCBB-D4FA-4E46-9FD1-31771B27AFCA}.Debug|Any CPU.Build.0 = Debug|Any CPU
		{0022CCBB-D4FA-4E46-9FD1-31771B27AFCA}.Debug|ARM.ActiveCfg = Debug|Any CPU
		{0022CCBB-D4FA-4E46-9FD1-31771B27AFCA}.Debug|ARM.Build.0 = Debug|Any CPU
		{0022CCBB-D4FA-4E46-9FD1-31771B27AFCA}.Debug|x64.ActiveCfg = Debug|Any CPU
		{0022CCBB-D4FA-4E46-9FD1-31771B27AFCA}.Debug|x64.Build.0 = Debug|Any CPU
		{0022CCBB-D4FA-4E46-9FD1-31771B27AFCA}.Debug|x86.ActiveCfg = Debug|Any CPU
		{0022CCBB-D4FA-4E46-9FD1-31771B27AFCA}.Debug|x86.Build.0 = Debug|Any CPU
		{0022CCBB-D4FA-4E46-9FD1-31771B27AFCA}.Release|Any CPU.ActiveCfg = Release|Any CPU
		{0022CCBB-D4FA-4E46-9FD1-31771B27AFCA}.Release|Any CPU.Build.0 = Release|Any CPU
		{0022CCBB-D4FA-4E46-9FD1-31771B27AFCA}.Release|ARM.ActiveCfg = Release|Any CPU
		{0022CCBB-D4FA-4E46-9FD1-31771B27AFCA}.Release|ARM.Build.0 = Release|Any CPU
		{0022CCBB-D4FA-4E46-9FD1-31771B27AFCA}.Release|x64.ActiveCfg = Release|Any CPU
		{0022CCBB-D4FA-4E46-9FD1-31771B27AFCA}.Release|x64.Build.0 = Release|Any CPU
		{0022CCBB-D4FA-4E46-9FD1-31771B27AFCA}.Release|x86.ActiveCfg = Release|Any CPU
		{0022CCBB-D4FA-4E46-9FD1-31771B27AFCA}.Release|x86.Build.0 = Release|Any CPU
		{7DE04BFA-D924-42CF-B2AE-3BF33A883905}.Debug|Any CPU.ActiveCfg = Debug|Any CPU
		{7DE04BFA-D924-42CF-B2AE-3BF33A883905}.Debug|Any CPU.Build.0 = Debug|Any CPU
		{7DE04BFA-D924-42CF-B2AE-3BF33A883905}.Debug|ARM.ActiveCfg = Debug|Any CPU
		{7DE04BFA-D924-42CF-B2AE-3BF33A883905}.Debug|ARM.Build.0 = Debug|Any CPU
		{7DE04BFA-D924-42CF-B2AE-3BF33A883905}.Debug|x64.ActiveCfg = Debug|Any CPU
		{7DE04BFA-D924-42CF-B2AE-3BF33A883905}.Debug|x64.Build.0 = Debug|Any CPU
		{7DE04BFA-D924-42CF-B2AE-3BF33A883905}.Debug|x86.ActiveCfg = Debug|Any CPU
		{7DE04BFA-D924-42CF-B2AE-3BF33A883905}.Debug|x86.Build.0 = Debug|Any CPU
		{7DE04BFA-D924-42CF-B2AE-3BF33A883905}.Release|Any CPU.ActiveCfg = Release|Any CPU
		{7DE04BFA-D924-42CF-B2AE-3BF33A883905}.Release|Any CPU.Build.0 = Release|Any CPU
		{7DE04BFA-D924-42CF-B2AE-3BF33A883905}.Release|ARM.ActiveCfg = Release|Any CPU
		{7DE04BFA-D924-42CF-B2AE-3BF33A883905}.Release|ARM.Build.0 = Release|Any CPU
		{7DE04BFA-D924-42CF-B2AE-3BF33A883905}.Release|x64.ActiveCfg = Release|Any CPU
		{7DE04BFA-D924-42CF-B2AE-3BF33A883905}.Release|x64.Build.0 = Release|Any CPU
		{7DE04BFA-D924-42CF-B2AE-3BF33A883905}.Release|x86.ActiveCfg = Release|Any CPU
		{7DE04BFA-D924-42CF-B2AE-3BF33A883905}.Release|x86.Build.0 = Release|Any CPU
		{65A822AB-EB25-4762-9283-300AE22392F6}.Debug|Any CPU.ActiveCfg = Debug|Any CPU
		{65A822AB-EB25-4762-9283-300AE22392F6}.Debug|Any CPU.Build.0 = Debug|Any CPU
		{65A822AB-EB25-4762-9283-300AE22392F6}.Debug|ARM.ActiveCfg = Debug|Any CPU
		{65A822AB-EB25-4762-9283-300AE22392F6}.Debug|ARM.Build.0 = Debug|Any CPU
		{65A822AB-EB25-4762-9283-300AE22392F6}.Debug|x64.ActiveCfg = Debug|Any CPU
		{65A822AB-EB25-4762-9283-300AE22392F6}.Debug|x64.Build.0 = Debug|Any CPU
		{65A822AB-EB25-4762-9283-300AE22392F6}.Debug|x86.ActiveCfg = Debug|Any CPU
		{65A822AB-EB25-4762-9283-300AE22392F6}.Debug|x86.Build.0 = Debug|Any CPU
		{65A822AB-EB25-4762-9283-300AE22392F6}.Release|Any CPU.ActiveCfg = Release|Any CPU
		{65A822AB-EB25-4762-9283-300AE22392F6}.Release|Any CPU.Build.0 = Release|Any CPU
		{65A822AB-EB25-4762-9283-300AE22392F6}.Release|ARM.ActiveCfg = Release|Any CPU
		{65A822AB-EB25-4762-9283-300AE22392F6}.Release|ARM.Build.0 = Release|Any CPU
		{65A822AB-EB25-4762-9283-300AE22392F6}.Release|x64.ActiveCfg = Release|Any CPU
		{65A822AB-EB25-4762-9283-300AE22392F6}.Release|x64.Build.0 = Release|Any CPU
		{65A822AB-EB25-4762-9283-300AE22392F6}.Release|x86.ActiveCfg = Release|Any CPU
		{65A822AB-EB25-4762-9283-300AE22392F6}.Release|x86.Build.0 = Release|Any CPU
		{2D2542C5-844A-4579-98A8-0A91F56476C6}.Debug|Any CPU.ActiveCfg = Debug|Any CPU
		{2D2542C5-844A-4579-98A8-0A91F56476C6}.Debug|Any CPU.Build.0 = Debug|Any CPU
		{2D2542C5-844A-4579-98A8-0A91F56476C6}.Debug|ARM.ActiveCfg = Debug|Any CPU
		{2D2542C5-844A-4579-98A8-0A91F56476C6}.Debug|ARM.Build.0 = Debug|Any CPU
		{2D2542C5-844A-4579-98A8-0A91F56476C6}.Debug|x64.ActiveCfg = Debug|Any CPU
		{2D2542C5-844A-4579-98A8-0A91F56476C6}.Debug|x64.Build.0 = Debug|Any CPU
		{2D2542C5-844A-4579-98A8-0A91F56476C6}.Debug|x86.ActiveCfg = Debug|Any CPU
		{2D2542C5-844A-4579-98A8-0A91F56476C6}.Debug|x86.Build.0 = Debug|Any CPU
		{2D2542C5-844A-4579-98A8-0A91F56476C6}.Release|Any CPU.ActiveCfg = Release|Any CPU
		{2D2542C5-844A-4579-98A8-0A91F56476C6}.Release|Any CPU.Build.0 = Release|Any CPU
		{2D2542C5-844A-4579-98A8-0A91F56476C6}.Release|ARM.ActiveCfg = Release|Any CPU
		{2D2542C5-844A-4579-98A8-0A91F56476C6}.Release|ARM.Build.0 = Release|Any CPU
		{2D2542C5-844A-4579-98A8-0A91F56476C6}.Release|x64.ActiveCfg = Release|Any CPU
		{2D2542C5-844A-4579-98A8-0A91F56476C6}.Release|x64.Build.0 = Release|Any CPU
		{2D2542C5-844A-4579-98A8-0A91F56476C6}.Release|x86.ActiveCfg = Release|Any CPU
		{2D2542C5-844A-4579-98A8-0A91F56476C6}.Release|x86.Build.0 = Release|Any CPU
		{AC683F6E-A8A3-45AB-A9BA-BFA783AE43C0}.Debug|Any CPU.ActiveCfg = Debug|Any CPU
		{AC683F6E-A8A3-45AB-A9BA-BFA783AE43C0}.Debug|Any CPU.Build.0 = Debug|Any CPU
		{AC683F6E-A8A3-45AB-A9BA-BFA783AE43C0}.Debug|ARM.ActiveCfg = Debug|Any CPU
		{AC683F6E-A8A3-45AB-A9BA-BFA783AE43C0}.Debug|ARM.Build.0 = Debug|Any CPU
		{AC683F6E-A8A3-45AB-A9BA-BFA783AE43C0}.Debug|x64.ActiveCfg = Debug|Any CPU
		{AC683F6E-A8A3-45AB-A9BA-BFA783AE43C0}.Debug|x64.Build.0 = Debug|Any CPU
		{AC683F6E-A8A3-45AB-A9BA-BFA783AE43C0}.Debug|x86.ActiveCfg = Debug|Any CPU
		{AC683F6E-A8A3-45AB-A9BA-BFA783AE43C0}.Debug|x86.Build.0 = Debug|Any CPU
		{AC683F6E-A8A3-45AB-A9BA-BFA783AE43C0}.Release|Any CPU.ActiveCfg = Release|Any CPU
		{AC683F6E-A8A3-45AB-A9BA-BFA783AE43C0}.Release|Any CPU.Build.0 = Release|Any CPU
		{AC683F6E-A8A3-45AB-A9BA-BFA783AE43C0}.Release|ARM.ActiveCfg = Release|Any CPU
		{AC683F6E-A8A3-45AB-A9BA-BFA783AE43C0}.Release|ARM.Build.0 = Release|Any CPU
		{AC683F6E-A8A3-45AB-A9BA-BFA783AE43C0}.Release|x64.ActiveCfg = Release|Any CPU
		{AC683F6E-A8A3-45AB-A9BA-BFA783AE43C0}.Release|x64.Build.0 = Release|Any CPU
		{AC683F6E-A8A3-45AB-A9BA-BFA783AE43C0}.Release|x86.ActiveCfg = Release|Any CPU
		{AC683F6E-A8A3-45AB-A9BA-BFA783AE43C0}.Release|x86.Build.0 = Release|Any CPU
		{527116D8-0956-45BA-945D-F86B74AC159F}.Debug|Any CPU.ActiveCfg = Debug|Any CPU
		{527116D8-0956-45BA-945D-F86B74AC159F}.Debug|Any CPU.Build.0 = Debug|Any CPU
		{527116D8-0956-45BA-945D-F86B74AC159F}.Debug|ARM.ActiveCfg = Debug|Any CPU
		{527116D8-0956-45BA-945D-F86B74AC159F}.Debug|ARM.Build.0 = Debug|Any CPU
		{527116D8-0956-45BA-945D-F86B74AC159F}.Debug|x64.ActiveCfg = Debug|Any CPU
		{527116D8-0956-45BA-945D-F86B74AC159F}.Debug|x64.Build.0 = Debug|Any CPU
		{527116D8-0956-45BA-945D-F86B74AC159F}.Debug|x86.ActiveCfg = Debug|Any CPU
		{527116D8-0956-45BA-945D-F86B74AC159F}.Debug|x86.Build.0 = Debug|Any CPU
		{527116D8-0956-45BA-945D-F86B74AC159F}.Release|Any CPU.ActiveCfg = Release|Any CPU
		{527116D8-0956-45BA-945D-F86B74AC159F}.Release|Any CPU.Build.0 = Release|Any CPU
		{527116D8-0956-45BA-945D-F86B74AC159F}.Release|ARM.ActiveCfg = Release|Any CPU
		{527116D8-0956-45BA-945D-F86B74AC159F}.Release|ARM.Build.0 = Release|Any CPU
		{527116D8-0956-45BA-945D-F86B74AC159F}.Release|x64.ActiveCfg = Release|Any CPU
		{527116D8-0956-45BA-945D-F86B74AC159F}.Release|x64.Build.0 = Release|Any CPU
		{527116D8-0956-45BA-945D-F86B74AC159F}.Release|x86.ActiveCfg = Release|Any CPU
		{527116D8-0956-45BA-945D-F86B74AC159F}.Release|x86.Build.0 = Release|Any CPU
		{6E95C121-4D08-4AB6-919B-885DEB59EE9A}.Debug|Any CPU.ActiveCfg = Debug|Any CPU
		{6E95C121-4D08-4AB6-919B-885DEB59EE9A}.Debug|Any CPU.Build.0 = Debug|Any CPU
		{6E95C121-4D08-4AB6-919B-885DEB59EE9A}.Debug|ARM.ActiveCfg = Debug|Any CPU
		{6E95C121-4D08-4AB6-919B-885DEB59EE9A}.Debug|ARM.Build.0 = Debug|Any CPU
		{6E95C121-4D08-4AB6-919B-885DEB59EE9A}.Debug|x64.ActiveCfg = Debug|Any CPU
		{6E95C121-4D08-4AB6-919B-885DEB59EE9A}.Debug|x64.Build.0 = Debug|Any CPU
		{6E95C121-4D08-4AB6-919B-885DEB59EE9A}.Debug|x86.ActiveCfg = Debug|Any CPU
		{6E95C121-4D08-4AB6-919B-885DEB59EE9A}.Debug|x86.Build.0 = Debug|Any CPU
		{6E95C121-4D08-4AB6-919B-885DEB59EE9A}.Release|Any CPU.ActiveCfg = Release|Any CPU
		{6E95C121-4D08-4AB6-919B-885DEB59EE9A}.Release|Any CPU.Build.0 = Release|Any CPU
		{6E95C121-4D08-4AB6-919B-885DEB59EE9A}.Release|ARM.ActiveCfg = Release|Any CPU
		{6E95C121-4D08-4AB6-919B-885DEB59EE9A}.Release|ARM.Build.0 = Release|Any CPU
		{6E95C121-4D08-4AB6-919B-885DEB59EE9A}.Release|x64.ActiveCfg = Release|Any CPU
		{6E95C121-4D08-4AB6-919B-885DEB59EE9A}.Release|x64.Build.0 = Release|Any CPU
		{6E95C121-4D08-4AB6-919B-885DEB59EE9A}.Release|x86.ActiveCfg = Release|Any CPU
		{6E95C121-4D08-4AB6-919B-885DEB59EE9A}.Release|x86.Build.0 = Release|Any CPU
		{EF802841-2E0B-4FA0-8571-20C88C1CB870}.Debug|Any CPU.ActiveCfg = Debug|Any CPU
		{EF802841-2E0B-4FA0-8571-20C88C1CB870}.Debug|Any CPU.Build.0 = Debug|Any CPU
		{EF802841-2E0B-4FA0-8571-20C88C1CB870}.Debug|ARM.ActiveCfg = Debug|Any CPU
		{EF802841-2E0B-4FA0-8571-20C88C1CB870}.Debug|ARM.Build.0 = Debug|Any CPU
		{EF802841-2E0B-4FA0-8571-20C88C1CB870}.Debug|x64.ActiveCfg = Debug|Any CPU
		{EF802841-2E0B-4FA0-8571-20C88C1CB870}.Debug|x64.Build.0 = Debug|Any CPU
		{EF802841-2E0B-4FA0-8571-20C88C1CB870}.Debug|x86.ActiveCfg = Debug|Any CPU
		{EF802841-2E0B-4FA0-8571-20C88C1CB870}.Debug|x86.Build.0 = Debug|Any CPU
		{EF802841-2E0B-4FA0-8571-20C88C1CB870}.Release|Any CPU.ActiveCfg = Release|Any CPU
		{EF802841-2E0B-4FA0-8571-20C88C1CB870}.Release|Any CPU.Build.0 = Release|Any CPU
		{EF802841-2E0B-4FA0-8571-20C88C1CB870}.Release|ARM.ActiveCfg = Release|Any CPU
		{EF802841-2E0B-4FA0-8571-20C88C1CB870}.Release|ARM.Build.0 = Release|Any CPU
		{EF802841-2E0B-4FA0-8571-20C88C1CB870}.Release|x64.ActiveCfg = Release|Any CPU
		{EF802841-2E0B-4FA0-8571-20C88C1CB870}.Release|x64.Build.0 = Release|Any CPU
		{EF802841-2E0B-4FA0-8571-20C88C1CB870}.Release|x86.ActiveCfg = Release|Any CPU
		{EF802841-2E0B-4FA0-8571-20C88C1CB870}.Release|x86.Build.0 = Release|Any CPU
		{A30FA589-AD72-45E9-AA3C-CD4FA8C37D9D}.Debug|Any CPU.ActiveCfg = Debug|Any CPU
		{A30FA589-AD72-45E9-AA3C-CD4FA8C37D9D}.Debug|Any CPU.Build.0 = Debug|Any CPU
		{A30FA589-AD72-45E9-AA3C-CD4FA8C37D9D}.Debug|ARM.ActiveCfg = Debug|Any CPU
		{A30FA589-AD72-45E9-AA3C-CD4FA8C37D9D}.Debug|ARM.Build.0 = Debug|Any CPU
		{A30FA589-AD72-45E9-AA3C-CD4FA8C37D9D}.Debug|x64.ActiveCfg = Debug|Any CPU
		{A30FA589-AD72-45E9-AA3C-CD4FA8C37D9D}.Debug|x64.Build.0 = Debug|Any CPU
		{A30FA589-AD72-45E9-AA3C-CD4FA8C37D9D}.Debug|x86.ActiveCfg = Debug|Any CPU
		{A30FA589-AD72-45E9-AA3C-CD4FA8C37D9D}.Debug|x86.Build.0 = Debug|Any CPU
		{A30FA589-AD72-45E9-AA3C-CD4FA8C37D9D}.Release|Any CPU.ActiveCfg = Release|Any CPU
		{A30FA589-AD72-45E9-AA3C-CD4FA8C37D9D}.Release|Any CPU.Build.0 = Release|Any CPU
		{A30FA589-AD72-45E9-AA3C-CD4FA8C37D9D}.Release|ARM.ActiveCfg = Release|Any CPU
		{A30FA589-AD72-45E9-AA3C-CD4FA8C37D9D}.Release|ARM.Build.0 = Release|Any CPU
		{A30FA589-AD72-45E9-AA3C-CD4FA8C37D9D}.Release|x64.ActiveCfg = Release|Any CPU
		{A30FA589-AD72-45E9-AA3C-CD4FA8C37D9D}.Release|x64.Build.0 = Release|Any CPU
		{A30FA589-AD72-45E9-AA3C-CD4FA8C37D9D}.Release|x86.ActiveCfg = Release|Any CPU
		{A30FA589-AD72-45E9-AA3C-CD4FA8C37D9D}.Release|x86.Build.0 = Release|Any CPU
		{F16FCB81-5559-4A77-A251-41DAD75C9823}.Debug|Any CPU.ActiveCfg = Debug|Any CPU
		{F16FCB81-5559-4A77-A251-41DAD75C9823}.Debug|Any CPU.Build.0 = Debug|Any CPU
		{F16FCB81-5559-4A77-A251-41DAD75C9823}.Debug|ARM.ActiveCfg = Debug|Any CPU
		{F16FCB81-5559-4A77-A251-41DAD75C9823}.Debug|ARM.Build.0 = Debug|Any CPU
		{F16FCB81-5559-4A77-A251-41DAD75C9823}.Debug|x64.ActiveCfg = Debug|Any CPU
		{F16FCB81-5559-4A77-A251-41DAD75C9823}.Debug|x64.Build.0 = Debug|Any CPU
		{F16FCB81-5559-4A77-A251-41DAD75C9823}.Debug|x86.ActiveCfg = Debug|Any CPU
		{F16FCB81-5559-4A77-A251-41DAD75C9823}.Debug|x86.Build.0 = Debug|Any CPU
		{F16FCB81-5559-4A77-A251-41DAD75C9823}.Release|Any CPU.ActiveCfg = Release|Any CPU
		{F16FCB81-5559-4A77-A251-41DAD75C9823}.Release|Any CPU.Build.0 = Release|Any CPU
		{F16FCB81-5559-4A77-A251-41DAD75C9823}.Release|ARM.ActiveCfg = Release|Any CPU
		{F16FCB81-5559-4A77-A251-41DAD75C9823}.Release|ARM.Build.0 = Release|Any CPU
		{F16FCB81-5559-4A77-A251-41DAD75C9823}.Release|x64.ActiveCfg = Release|Any CPU
		{F16FCB81-5559-4A77-A251-41DAD75C9823}.Release|x64.Build.0 = Release|Any CPU
		{F16FCB81-5559-4A77-A251-41DAD75C9823}.Release|x86.ActiveCfg = Release|Any CPU
		{F16FCB81-5559-4A77-A251-41DAD75C9823}.Release|x86.Build.0 = Release|Any CPU
	EndGlobalSection
	GlobalSection(SolutionProperties) = preSolution
		HideSolutionNode = FALSE
	EndGlobalSection
	GlobalSection(ExtensibilityGlobals) = postSolution
		SolutionGuid = {47256AFA-947C-4B25-9103-22D6087F77F6}
	EndGlobalSection
EndGlobal
